
Microsoft Visual Studio Solution File, Format Version 12.00
Project("{FAE04EC0-301F-11D3-BF4B-00C04F79EFBC}") = "CustomDoublyLinkedList", "CustomDoublyLinkedList\CustomDoublyLinkedList.csproj", "{E55D7862-4162-4675-924B-7193A3C08BEE}"
EndProject
Project("{FAE04EC0-301F-11D3-BF4B-00C04F79EFBC}") = "DLLTests", "DLLTests\DLLTests.csproj", "{DAB77489-7049-4F80-9091-1D75F5F9B3D7}"
EndProject
Global
	GlobalSection(SolutionConfigurationPlatforms) = preSolution
		Debug|Any CPU = Debug|Any CPU
		Release|Any CPU = Release|Any CPU
	EndGlobalSection
	GlobalSection(ProjectConfigurationPlatforms) = postSolution
		{E55D7862-4162-4675-924B-7193A3C08BEE}.Debug|Any CPU.ActiveCfg = Debug|Any CPU
		{E55D7862-4162-4675-924B-7193A3C08BEE}.Debug|Any CPU.Build.0 = Debug|Any CPU
		{E55D7862-4162-4675-924B-7193A3C08BEE}.Release|Any CPU.ActiveCfg = Release|Any CPU
		{E55D7862-4162-4675-924B-7193A3C08BEE}.Release|Any CPU.Build.0 = Release|Any CPU
		{DAB77489-7049-4F80-9091-1D75F5F9B3D7}.Debug|Any CPU.ActiveCfg = Debug|Any CPU
		{DAB77489-7049-4F80-9091-1D75F5F9B3D7}.Debug|Any CPU.Build.0 = Debug|Any CPU
		{DAB77489-7049-4F80-9091-1D75F5F9B3D7}.Release|Any CPU.ActiveCfg = Release|Any CPU
		{DAB77489-7049-4F80-9091-1D75F5F9B3D7}.Release|Any CPU.Build.0 = Release|Any CPU
	EndGlobalSection
EndGlobal
